{
  "name": "rolldown-preserve-modules-rename",
  "lockfileVersion": 3,
  "requires": true,
  "packages": {
    "": {
      "name": "rolldown-preserve-modules-rename",
      "devDependencies": {
        "rolldown": "npm:@rolldown/browser@1.2.11",
        "rolldown-plugin-dts": "0.28.6",
        "typescript": "6.0.2"
      }
    },
    "node_modules/@emnapi/core": {
      "version": "2.0.0-alpha.5",
      "resolved": "https://registry.npmjs.org/@emnapi/core/-/core-2.0.0-alpha.5.tgz",
      "integrity": "sha512-DbeLFquQJyYGwM3LzPdjvb4IRmAAQuTzEmqUGtIAYxlAO4ArfUZ7WMytLWDSsCAYm6MZJNeojaawQQiFrFVehg==",
      "dev": true,
      "license": "MIT",
      "peer": true,
      "dependencies": {
        "@emnapi/wasi-threads": "2.1.0",
        "tslib": "^2.4.0"
      }
    },
    "node_modules/@emnapi/runtime": {
      "version": "2.0.0-alpha.5",
      "resolved": "https://registry.npmjs.org/@emnapi/runtime/-/runtime-2.0.0-alpha.5.tgz",
      "integrity": "sha512-SS4jUXRklsrPKTEtW92WHdneh9QBrZGmRyeYEac2ktLN3ie1wd/BrkBbk4DqPWKhjSFfrR8NClXwMlfZ73m60A==",
      "dev": true,
      "license": "MIT",
      "peer": true,
      "dependencies": {
        "tslib": "^2.4.0"
      }
    },
    "node_modules/@emnapi/wasi-threads": {
      "version": "2.1.0",
      "resolved": "https://registry.npmjs.org/@emnapi/wasi-threads/-/wasi-threads-2.1.0.tgz",
      "integrity": "sha512-DM18NXgQ5coifswrwhFgrqeW/UiFRaLj0aLKU0cp0FoYjEfP/hj/yUeF+Hz754ViG+jQmG2HIeDCUeQsPnRwOA==",
      "dev": true,
      "license": "MIT",
      "dependencies": {
        "tslib": "^2.4.0"
      }
    },
    "node_modules/@napi-rs/wasm-runtime": {
      "version": "1.2.4",
      "resolved": "https://registry.npmjs.org/@napi-rs/wasm-runtime/-/wasm-runtime-1.2.4.tgz",
      "integrity": "sha512-AJxoUD2/15ESHbvpcyjU274nsAPLuOtPHCk0vKJM5pj//Fg/B1FXNWjPnXTT9PymCYYiHo4zPj0ZomXBKhoy7g==",
      "dev": true,
      "license": "MIT",
      "dependencies": {
        "@tybys/wasm-util": "^0.10.3"
      },
      "engines": {
        "node": "^20.19.0 || ^22.13.0 || >=23.5.0"
      },
      "funding": {
        "type": "github",
        "url": "https://github.com/sponsors/Brooooooklyn"
      },
      "peerDependencies": {
        "@emnapi/core": "^1.7.1 || ^2.0.0-alpha.4",
        "@emnapi/runtime": "^1.7.1 || ^2.0.0-alpha.4"
      }
    },
    "node_modules/@tybys/wasm-util": {
      "version": "0.10.4",
      "resolved": "https://registry.npmjs.org/@tybys/wasm-util/-/wasm-util-0.10.4.tgz",
      "integrity": "sha512-W3c4gRigFS0T/Ma4qIYF3GDAc5AQdHb1yL5znJT1Zv1YaD9Kitx656wBjvr19qbiosmZT8lWDM5BEMynUqX65A==",
      "dev": true,
      "license": "MIT",
      "dependencies": {
        "tslib": "^2.4.0"
      }
    },
    "node_modules/@yuku-codegen/binding-android-arm64": {
      "version": "0.10.2",
      "resolved": "https://registry.npmjs.org/@yuku-codegen/binding-android-arm64/-/binding-android-arm64-0.10.2.tgz",
      "integrity": "sha512-Oc2KInVkPfUjEB4PeV6X0NvIoyYTzDe/WmqFrTwBqKs6YKnz4A7XwWQvJTb7M0rLz9a6WgpUUiiS5QKaCi4O/g==",
      "cpu": [
        "arm64"
      ],
      "dev": true,
      "license": "MIT",
      "optional": true,
      "os": [
        "android"
      ]
    },
    "node_modules/@yuku-codegen/binding-darwin-arm64": {
      "version": "0.10.2",
      "resolved": "https://registry.npmjs.org/@yuku-codegen/binding-darwin-arm64/-/binding-darwin-arm64-0.10.2.tgz",
      "integrity": "sha512-3H7eNPIHJndUJXZ4QUGBPq1zC6RGcUZfm7bymJes+/N7wTVWUn1bxZ9JcozYHpkWQNm9f23G8YWbaHD9aYH72A==",
      "cpu": [
        "arm64"
      ],
      "dev": true,
      "license": "MIT",
      "optional": true,
      "os": [
        "darwin"
      ]
    },
    "node_modules/@yuku-codegen/binding-darwin-x64": {
      "version": "0.10.2",
      "resolved": "https://registry.npmjs.org/@yuku-codegen/binding-darwin-x64/-/binding-darwin-x64-0.10.2.tgz",
      "integrity": "sha512-AJOUpR2s3LF9AWiiub/Uyc/UoXNTWcq8hK3cVI6fUSXtwh34dG21J6hRuNlO6JVJFTo4o3ScVvZOrh/YFfUEAA==",
      "cpu": [
        "x64"
      ],
      "dev": true,
      "license": "MIT",
      "optional": true,
      "os": [
        "darwin"
      ]
    },
    "node_modules/@yuku-codegen/binding-freebsd-x64": {
      "version": "0.10.2",
      "resolved": "https://registry.npmjs.org/@yuku-codegen/binding-freebsd-x64/-/binding-freebsd-x64-0.10.2.tgz",
      "integrity": "sha512-ms7DcZu87u5CiK/wMwvpKAvAmtaqKjCQIXNweMLypG6qbuiaOMQf1jpbB5+j46xBcgCovo8TQMcv0bCQLKIL9w==",
      "cpu": [
        "x64"
      ],
      "dev": true,
      "license": "MIT",
      "optional": true,
      "os": [
        "freebsd"
      ]
    },
    "node_modules/@yuku-codegen/binding-linux-arm-gnu": {
      "version": "0.10.2",
      "resolved": "https://registry.npmjs.org/@yuku-codegen/binding-linux-arm-gnu/-/binding-linux-arm-gnu-0.10.2.tgz",
      "integrity": "sha512-xJDpYAsKV5+eaiBhTYl05fvT6sst4PsCeuIFMRu9b0/WCSrNQPfCDtAQ5/MS6xNpsdujdZEPR+gmfWk3ZG5i3A==",
      "cpu": [
        "arm"
      ],
      "dev": true,
      "license": "MIT",
      "optional": true,
      "os": [
        "linux"
      ]
    },
    "node_modules/@yuku-codegen/binding-linux-arm-musl": {
      "version": "0.10.2",
      "resolved": "https://registry.npmjs.org/@yuku-codegen/binding-linux-arm-musl/-/binding-linux-arm-musl-0.10.2.tgz",
      "integrity": "sha512-qfTkgd7AEx61l4K9VtXWCGTxc/fmXJ4ZheDz3i+/AAJUtg4sa0bPrc0VBxPggB/rayR8Z3+JfrBItuyanBJJ9Q==",
      "cpu": [
        "arm"
      ],
      "dev": true,
      "license": "MIT",
      "optional": true,
      "os": [
        "linux"
      ]
    },
    "node_modules/@yuku-codegen/binding-linux-arm64-gnu": {
      "version": "0.10.2",
      "resolved": "https://registry.npmjs.org/@yuku-codegen/binding-linux-arm64-gnu/-/binding-linux-arm64-gnu-0.10.2.tgz",
      "integrity": "sha512-4e6Mifm/4UdjtU3D8mATIrvgP+xEiH8xtQOjd0zpd72XKWT7ug3sdyhq2utkkZFP6BvYp7SgZrI+aR4VeIOHdw==",
      "cpu": [
        "arm64"
      ],
      "dev": true,
      "license": "MIT",
      "optional": true,
      "os": [
        "linux"
      ]
    },
    "node_modules/@yuku-codegen/binding-linux-arm64-musl": {
      "version": "0.10.2",
      "resolved": "https://registry.npmjs.org/@yuku-codegen/binding-linux-arm64-musl/-/binding-linux-arm64-musl-0.10.2.tgz",
      "integrity": "sha512-RdsJrUfDYFVV3JOmWFUWwSu31fa1APn12xDeIKxgl/YWxrabwtxsDBNjF2561c7tmcbiewdCUvngqRs8AyGVLA==",
      "cpu": [
        "arm64"
      ],
      "dev": true,
      "license": "MIT",
      "optional": true,
      "os": [
        "linux"
      ]
    },
    "node_modules/@yuku-codegen/binding-linux-x64-gnu": {
      "version": "0.10.2",
      "resolved": "https://registry.npmjs.org/@yuku-codegen/binding-linux-x64-gnu/-/binding-linux-x64-gnu-0.10.2.tgz",
      "integrity": "sha512-mVzWimEPPreaPyXIUvxsHoJzvO7ckZ5j0LgQFHz04zQIRwt9A9T2hA7K5/jYjJKkMxWG/U2VjhGNwVhtyU+uqg==",
      "cpu": [
        "x64"
      ],
      "dev": true,
      "license": "MIT",
      "optional": true,
      "os": [
        "linux"
      ]
    },
    "node_modules/@yuku-codegen/binding-linux-x64-musl": {
      "version": "0.10.2",
      "resolved": "https://registry.npmjs.org/@yuku-codegen/binding-linux-x64-musl/-/binding-linux-x64-musl-0.10.2.tgz",
      "integrity": "sha512-Y77fyISurmr2mvO1yeq3u+x/WJbACgPR4w+lzEVx30ViCxZzIGrZPRN1yEdZ9xUNPNsIO5thBHIdRNG+UGUG+Q==",
      "cpu": [
        "x64"
      ],
      "dev": true,
      "license": "MIT",
      "optional": true,
      "os": [
        "linux"
      ]
    },
    "node_modules/@yuku-codegen/binding-win32-arm64": {
      "version": "0.10.2",
      "resolved": "https://registry.npmjs.org/@yuku-codegen/binding-win32-arm64/-/binding-win32-arm64-0.10.2.tgz",
      "integrity": "sha512-1+tGLyG0u5YYy0lev4ck7/0sd8xJ9SZde0dLut7qLDPZV5WVTV8x6OxNXUne/PGuHZyO1vK+txPQzzHOyXHGSw==",
      "cpu": [
        "arm64"
      ],
      "dev": true,
      "license": "MIT",
      "optional": true,
      "os": [
        "win32"
      ]
    },
    "node_modules/@yuku-codegen/binding-win32-x64": {
      "version": "0.10.2",
      "resolved": "https://registry.npmjs.org/@yuku-codegen/binding-win32-x64/-/binding-win32-x64-0.10.2.tgz",
      "integrity": "sha512-8a2SExRohRbwC0MY4VpOF0/RSckrJ2ASZqAor5/RYSJJaeadR93n10gZzcKT6pY9ukiSOIZCRKVRD2tH73T0qA==",
      "cpu": [
        "x64"
      ],
      "dev": true,
      "license": "MIT",
      "optional": true,
      "os": [
        "win32"
      ]
    },
    "node_modules/@yuku-parser/binding-android-arm64": {
      "version": "0.10.2",
      "resolved": "https://registry.npmjs.org/@yuku-parser/binding-android-arm64/-/binding-android-arm64-0.10.2.tgz",
      "integrity": "sha512-2VPBU9fRGRAQ2xPAvghnec3oou5Nrxm2Bezhf+13UMspAxQSkF/32r+ySKXSwIPA5/RivumDJDxAxc301Sgicw==",
      "cpu": [
        "arm64"
      ],
      "dev": true,
      "license": "MIT",
      "optional": true,
      "os": [
        "android"
      ]
    },
    "node_modules/@yuku-parser/binding-darwin-arm64": {
      "version": "0.10.2",
      "resolved": "https://registry.npmjs.org/@yuku-parser/binding-darwin-arm64/-/binding-darwin-arm64-0.10.2.tgz",
      "integrity": "sha512-LD+PMZE51tCYTOss5HBkm3/AE39MvcMDBfWJx7A4yDcjfNbAQDnHZKtzSOuqrswx+TQHY0ws5xn6+fWOwtmfBA==",
      "cpu": [
        "arm64"
      ],
      "dev": true,
      "license": "MIT",
      "optional": true,
      "os": [
        "darwin"
      ]
    },
    "node_modules/@yuku-parser/binding-darwin-x64": {
      "version": "0.10.2",
      "resolved": "https://registry.npmjs.org/@yuku-parser/binding-darwin-x64/-/binding-darwin-x64-0.10.2.tgz",
      "integrity": "sha512-mmZ8cND+AoIIMRERyMinlg5ApHxP23B9jH2B5wT7T+dliPa9rubLxneB/SUjFwyUjGaFnB5G7t4YvpfbO5zbkQ==",
      "cpu": [
        "x64"
      ],
      "dev": true,
      "license": "MIT",
      "optional": true,
      "os": [
        "darwin"
      ]
    },
    "node_modules/@yuku-parser/binding-freebsd-x64": {
      "version": "0.10.2",
      "resolved": "https://registry.npmjs.org/@yuku-parser/binding-freebsd-x64/-/binding-freebsd-x64-0.10.2.tgz",
      "integrity": "sha512-gVIjaaIddbRfAhHlC8N809wQWml7mxfSVnzaLtzGXObTeFTPAg/YVnQXt1UOhPM1ah5eG/8Y0RUlNpB4GVe7eQ==",
      "cpu": [
        "x64"
      ],
      "dev": true,
      "license": "MIT",
      "optional": true,
      "os": [
        "freebsd"
      ]
    },
    "node_modules/@yuku-parser/binding-linux-arm-gnu": {
      "version": "0.10.2",
      "resolved": "https://registry.npmjs.org/@yuku-parser/binding-linux-arm-gnu/-/binding-linux-arm-gnu-0.10.2.tgz",
      "integrity": "sha512-q/XPPQQAPdlw05aPj30ygBhekmQryGOwxVraBgApjKK8yY1kNQgqq6XCYLF1WHSee+lhxclrTO7W0/bt7dR1GA==",
      "cpu": [
        "arm"
      ],
      "dev": true,
      "license": "MIT",
      "optional": true,
      "os": [
        "linux"
      ]
    },
    "node_modules/@yuku-parser/binding-linux-arm-musl": {
      "version": "0.10.2",
      "resolved": "https://registry.npmjs.org/@yuku-parser/binding-linux-arm-musl/-/binding-linux-arm-musl-0.10.2.tgz",
      "integrity": "sha512-A+Cb0I1hFF4wilTQpWs79k1aNnj4B2tkrHx3zsuUNF9BtVY2zPZ4yeQEM/zjXrS/qJlNMZVK9NrWJjwdpnTrfg==",
      "cpu": [
        "arm"
      ],
      "dev": true,
      "license": "MIT",
      "optional": true,
      "os": [
        "linux"
      ]
    },
    "node_modules/@yuku-parser/binding-linux-arm64-gnu": {
      "version": "0.10.2",
      "resolved": "https://registry.npmjs.org/@yuku-parser/binding-linux-arm64-gnu/-/binding-linux-arm64-gnu-0.10.2.tgz",
      "integrity": "sha512-aGNSzqIqqphFwAdIFwVvKIyXD1Iy3CxrEJVIZAT87Ecyi4vCmmDD2v2l9h+Gd3/wSy3JZlOI792LJbKAjyy9rQ==",
      "cpu": [
        "arm64"
      ],
      "dev": true,
      "license": "MIT",
      "optional": true,
      "os": [
        "linux"
      ]
    },
    "node_modules/@yuku-parser/binding-linux-arm64-musl": {
      "version": "0.10.2",
      "resolved": "https://registry.npmjs.org/@yuku-parser/binding-linux-arm64-musl/-/binding-linux-arm64-musl-0.10.2.tgz",
      "integrity": "sha512-Ddl1sF0rtuCXyHGSOV6dcmdx+ETv1iD+IVFqQuOjzkJZWclxJxdBWX6ZJMRtTiGqGUTbqLEKiTXxpR/Bvqk+2A==",
      "cpu": [
        "arm64"
      ],
      "dev": true,
      "license": "MIT",
      "optional": true,
      "os": [
        "linux"
      ]
    },
    "node_modules/@yuku-parser/binding-linux-x64-gnu": {
      "version": "0.10.2",
      "resolved": "https://registry.npmjs.org/@yuku-parser/binding-linux-x64-gnu/-/binding-linux-x64-gnu-0.10.2.tgz",
      "integrity": "sha512-/nlcpR6IF5U+0m5L9wvAIXeQa2DT+BXuvqKDsTcOTlcc0B4dHNyqE5hTXsS4hAyimpy2ZK8A1zMNF5hTrjg2cg==",
      "cpu": [
        "x64"
      ],
      "dev": true,
      "license": "MIT",
      "optional": true,
      "os": [
        "linux"
      ]
    },
    "node_modules/@yuku-parser/binding-linux-x64-musl": {
      "version": "0.10.2",
      "resolved": "https://registry.npmjs.org/@yuku-parser/binding-linux-x64-musl/-/binding-linux-x64-musl-0.10.2.tgz",
      "integrity": "sha512-GX80dxTQD/M/OryyuxJcFzFENzry3cDFPvCFTyWogNWQH3fSHfMrNfpwpl1YzMos1eV9NygK5GSDG7VArQlb4w==",
      "cpu": [
        "x64"
      ],
      "dev": true,
      "license": "MIT",
      "optional": true,
      "os": [
        "linux"
      ]
    },
    "node_modules/@yuku-parser/binding-win32-arm64": {
      "version": "0.10.2",
      "resolved": "https://registry.npmjs.org/@yuku-parser/binding-win32-arm64/-/binding-win32-arm64-0.10.2.tgz",
      "integrity": "sha512-agePQBV4VHewiGU0ACSjscZ/hJd283f9JfAF19Gf1rI5+wy5tTgx4GS36i0b3xim15AQ4RCpDRosEvhLZ4zAOw==",
      "cpu": [
        "arm64"
      ],
      "dev": true,
      "license": "MIT",
      "optional": true,
      "os": [
        "win32"
      ]
    },
    "node_modules/@yuku-parser/binding-win32-x64": {
      "version": "0.10.2",
      "resolved": "https://registry.npmjs.org/@yuku-parser/binding-win32-x64/-/binding-win32-x64-0.10.2.tgz",
      "integrity": "sha512-s8//CMpgL5+y1lvDCdyh1rwGI5+ytDJywFJRe1vnhI7n0j+caxshNucurikYLLVeQ2SYFex6aPrzgQxkabBQRA==",
      "cpu": [
        "x64"
      ],
      "dev": true,
      "license": "MIT",
      "optional": true,
      "os": [
        "win32"
      ]
    },
    "node_modules/@yuku-toolchain/types": {
      "version": "0.10.2",
      "resolved": "https://registry.npmjs.org/@yuku-toolchain/types/-/types-0.10.2.tgz",
      "integrity": "sha512-sSeo4SSSToiS+sSD+bwn/s94EEcaLJ7tG5LCp8gFYC1G5VzxzX7fqB6m9RU1yMD8KTpu6zdU/I1NlQf8hVBJ9Q==",
      "dev": true,
      "license": "MIT"
    },
    "node_modules/dts-resolver": {
      "version": "3.0.0",
      "resolved": "https://registry.npmjs.org/dts-resolver/-/dts-resolver-3.0.0.tgz",
      "integrity": "sha512-1T1f+z+4tl9XD+m+0HBgWoL/nm0bOIffyWaUuUSBlFg/86IWvfx+wjNaO/ybU0AJzG9/Mi5hBUgGV6zCmWEN7Q==",
      "dev": true,
      "license": "MIT",
      "engines": {
        "node": "^22.18.0 || >=24.0.0"
      },
      "funding": {
        "url": "https://github.com/sponsors/sxzz"
      },
      "peerDependencies": {
        "oxc-resolver": ">=11.0.0"
      },
      "peerDependenciesMeta": {
        "oxc-resolver": {
          "optional": true
        }
      }
    },
    "node_modules/get-tsconfig": {
      "version": "5.0.0-beta.6",
      "resolved": "https://registry.npmjs.org/get-tsconfig/-/get-tsconfig-5.0.0-beta.6.tgz",
      "integrity": "sha512-X6fBC0pmImC70gvX2zm56go9hx0MyoGVdG0tUCkg/D+Xnh5TJsOZ7iDbOdI3PvmtrDxnu1YdDufpK2QJX1Meqw==",
      "dev": true,
      "license": "MIT",
      "dependencies": {
        "resolve-pkg-maps": "^1.0.0"
      },
      "engines": {
        "node": ">=20.20.0"
      },
      "funding": {
        "url": "https://github.com/privatenumber/get-tsconfig?sponsor=1"
      }
    },
    "node_modules/obug": {
      "version": "3.0.0",
      "resolved": "https://registry.npmjs.org/obug/-/obug-3.0.0.tgz",
      "integrity": "sha512-5vvB5+W7ePv+p3uqxi+RcW1XAzLW0/hxt3/4X4Lc4qHudzOhmBiBwOY6DRob4WnanAEGvNcLjF+KNOufrUoEQw==",
      "dev": true,
      "funding": [
        "https://github.com/sponsors/sxzz",
        "https://opencollective.com/debug"
      ],
      "license": "MIT",
      "engines": {
        "node": ">=12.20.0"
      }
    },
    "node_modules/resolve-pkg-maps": {
      "version": "1.0.0",
      "resolved": "https://registry.npmjs.org/resolve-pkg-maps/-/resolve-pkg-maps-1.0.0.tgz",
      "integrity": "sha512-seS2Tj26TBVOC2NIc2rOe2y2ZO7efxITtLZcGSOnHHNOQ7CkiUBfw0Iw2ck6xkIhPwLhKNLS8BO+hEpngQlqzw==",
      "dev": true,
      "license": "MIT",
      "funding": {
        "url": "https://github.com/privatenumber/resolve-pkg-maps?sponsor=1"
      }
    },
    "node_modules/rolldown": {
      "name": "@rolldown/browser",
      "version": "1.2.11",
      "resolved": "https://registry.npmjs.org/@rolldown/browser/-/browser-1.2.11.tgz",
      "integrity": "sha512-h2O6CiJroJFRBMrq7enutQ81/158z1JZIXECak42SXjHpI7MjNt9yHiAsqv2eTYqGmY5+gLmV5UEj+eskhKxmw==",
      "dev": true,
      "license": "MIT",
      "peer": true,
      "dependencies": {
        "@emnapi/core": "2.0.0-alpha.5",
        "@emnapi/runtime": "2.0.0-alpha.5",
        "@napi-rs/wasm-runtime": "~1.2.2"
      },
      "bin": {
        "rolldown": "bin/cli.mjs"
      }
    },
    "node_modules/rolldown-plugin-dts": {
      "version": "0.28.6",
      "resolved": "https://registry.npmjs.org/rolldown-plugin-dts/-/rolldown-plugin-dts-0.28.6.tgz",
      "integrity": "sha512-qKrFtBfRfR2hP233m7Ic9zf3wv6MSYdZghWKMdEO6dRYZGlNfINJAa1P5ZVvyHh3mrcd7IJQvIY8L9vnm+v5rQ==",
      "dev": true,
      "license": "MIT",
      "dependencies": {
        "dts-resolver": "^3.0.0",
        "get-tsconfig": "5.0.0-beta.6",
        "obug": "^3.0.0",
        "yuku-ast": "^0.10.1",
        "yuku-codegen": "^0.10.1",
        "yuku-parser": "^0.10.1"
      },
      "engines": {
        "node": "^22.18.0 || ^24.11.0 || >=26.0.0"
      },
      "funding": {
        "url": "https://github.com/sponsors/sxzz"
      },
      "peerDependencies": {
        "@typescript/native-preview": "*",
        "@volar/typescript": "~2.4.0",
        "@vue/language-core": "~3.2.0 || ~3.3.0",
        "rolldown": "^1.2.0",
        "typescript": "^5.0.0 || ^6.0.0 || ~7.0.0",
        "vue-tsc": "~3.2.0 || ~3.3.0"
      },
      "peerDependenciesMeta": {
        "@typescript/native-preview": {
          "optional": true
        },
        "@volar/typescript": {
          "optional": true
        },
        "@vue/language-core": {
          "optional": true
        },
        "typescript": {
          "optional": true
        },
        "vue-tsc": {
          "optional": true
        }
      }
    },
    "node_modules/tslib": {
      "version": "2.8.1",
      "resolved": "https://registry.npmjs.org/tslib/-/tslib-2.8.1.tgz",
      "integrity": "sha512-oJFu94HQb+KVduSUQL7wnpmqnfmLsOA/nAh6b6EH0wCEoK0/mPeXU6c3wKDV83MkOuHPRHtSXKKU99IBazS/2w==",
      "dev": true,
      "license": "0BSD"
    },
    "node_modules/typescript": {
      "version": "6.0.2",
      "resolved": "https://registry.npmjs.org/typescript/-/typescript-6.0.2.tgz",
      "integrity": "sha512-bGdAIrZ0wiGDo5l8c++HWtbaNCWTS4UTv7RaTH/ThVIgjkveJt83m74bBHMJkuCbslY8ixgLBVZJIOiQlQTjfQ==",
      "dev": true,
      "license": "Apache-2.0",
      "peer": true,
      "bin": {
        "tsc": "bin/tsc",
        "tsserver": "bin/tsserver"
      },
      "engines": {
        "node": ">=14.17"
      }
    },
    "node_modules/yuku-ast": {
      "version": "0.10.2",
      "resolved": "https://registry.npmjs.org/yuku-ast/-/yuku-ast-0.10.2.tgz",
      "integrity": "sha512-UnG9mA6giglCvSErft2/40TVFX750Sj1xgwddPLpG7J7rlr/P1wPADg9G2RK+d/1tNLtRVoLdMMOMVBB9561TQ==",
      "dev": true,
      "license": "MIT",
      "dependencies": {
        "@yuku-toolchain/types": "^0.10.2"
      }
    },
    "node_modules/yuku-codegen": {
      "version": "0.10.2",
      "resolved": "https://registry.npmjs.org/yuku-codegen/-/yuku-codegen-0.10.2.tgz",
      "integrity": "sha512-hentl2dtrF6cPjiAirtkfxfFZBA6Hdm61UqRJ7cA0qrlDNMk9PZGOjw5w1mx3E0hu/6pHcJF4dJW+D0SXHPZOA==",
      "dev": true,
      "license": "MIT",
      "dependencies": {
        "@yuku-toolchain/types": "^0.10.2"
      },
      "optionalDependencies": {
        "@yuku-codegen/binding-android-arm64": "0.10.2",
        "@yuku-codegen/binding-darwin-arm64": "0.10.2",
        "@yuku-codegen/binding-darwin-x64": "0.10.2",
        "@yuku-codegen/binding-freebsd-x64": "0.10.2",
        "@yuku-codegen/binding-linux-arm-gnu": "0.10.2",
        "@yuku-codegen/binding-linux-arm-musl": "0.10.2",
        "@yuku-codegen/binding-linux-arm64-gnu": "0.10.2",
        "@yuku-codegen/binding-linux-arm64-musl": "0.10.2",
        "@yuku-codegen/binding-linux-x64-gnu": "0.10.2",
        "@yuku-codegen/binding-linux-x64-musl": "0.10.2",
        "@yuku-codegen/binding-win32-arm64": "0.10.2",
        "@yuku-codegen/binding-win32-x64": "0.10.2"
      }
    },
    "node_modules/yuku-parser": {
      "version": "0.10.2",
      "resolved": "https://registry.npmjs.org/yuku-parser/-/yuku-parser-0.10.2.tgz",
      "integrity": "sha512-CgaU0/PPjCAIEZ3WQroosOxTY3eeKldAN3h+vk8pMNz4+jl1CZzBR4pW+K/rRPF112VooCL5FdjJoiMNjDrL2A==",
      "dev": true,
      "license": "MIT",
      "dependencies": {
        "@yuku-toolchain/types": "^0.10.2",
        "yuku-ast": "^0.10.2"
      },
      "optionalDependencies": {
        "@yuku-parser/binding-android-arm64": "0.10.2",
        "@yuku-parser/binding-darwin-arm64": "0.10.2",
        "@yuku-parser/binding-darwin-x64": "0.10.2",
        "@yuku-parser/binding-freebsd-x64": "0.10.2",
        "@yuku-parser/binding-linux-arm-gnu": "0.10.2",
        "@yuku-parser/binding-linux-arm-musl": "0.10.2",
        "@yuku-parser/binding-linux-arm64-gnu": "0.10.2",
        "@yuku-parser/binding-linux-arm64-musl": "0.10.2",
        "@yuku-parser/binding-linux-x64-gnu": "0.10.2",
        "@yuku-parser/binding-linux-x64-musl": "0.10.2",
        "@yuku-parser/binding-win32-arm64": "0.10.2",
        "@yuku-parser/binding-win32-x64": "0.10.2"
      }
    }
  }
}
